
Microsoft Visual Studio Solution File, Format Version 12.00
# Visual Studio Version 16
VisualStudioVersion = 16.0.30711.63
MinimumVisualStudioVersion = 10.0.40219.1
Project("{FAE04EC0-301F-11D3-BF4B-00C04F79EFBC}") = "FirstApp", "FirstApp.csproj", "{AC923049-2D29-4DF4-BE35-BF862011ABC0}"
EndProject
Global
	GlobalSection(SolutionConfigurationPlatforms) = preSolution
		Debug|Any CPU = Debug|Any CPU
		Release|Any CPU = Release|Any CPU
	EndGlobalSection
	GlobalSection(ProjectConfigurationPlatforms) = postSolution
		{AC923049-2D29-4DF4-BE35-BF862011ABC0}.Debug|Any CPU.ActiveCfg = Debug|Any CPU
		{AC923049-2D29-4DF4-BE35-BF862011ABC0}.Debug|Any CPU.Build.0 = Debug|Any CPU
		{AC923049-2D29-4DF4-BE35-BF862011ABC0}.Release|Any CPU.ActiveCfg = Release|Any CPU
		{AC923049-2D29-4DF4-BE35-BF862011ABC0}.Release|Any CPU.Build.0 = Release|Any CPU
	EndGlobalSection
	GlobalSection(SolutionProperties) = preSolution
		HideSolutionNode = FALSE
	EndGlobalSection
	GlobalSection(ExtensibilityGlobals) = postSolution
		SolutionGuid = {DC27F0D5-D56E-4E6C-B20F-7C60281C1CD4}
	EndGlobalSection
EndGlobal
